Microsoft Visual Studio Solution File, Format Version 12.00
# Visual Studio Version 17
VisualStudioVersion = 17.11.35222.181
MinimumVisualStudioVersion = 10.0.40219.1
Project("{FAE04EC0-301F-11D3-BF4B-00C04F79EFBC}") = "webapp.AppHost", "webapp.AppHost\webapp.AppHost.csproj", "{9661CF3C-3FF6-4AD1-8AAD-50CB22EE43BE}"
EndProject
Project("{9A19103F-16F7-4668-BE54-9A1E7A4F7556}") = "webapp.ServiceDefaults", "webapp.ServiceDefaults\webapp.ServiceDefaults.csproj", "{1B3DA78B-5472-4C1A-B34F-ABEAF5FCD845}"
EndProject
Project("{9A19103F-16F7-4668-BE54-9A1E7A4F7556}") = "webapp.ApiService", "webapp.ApiService\webapp.ApiService.csproj", "{2AA8CBF7-2FA5-4616-9AF8-9460C8CAB019}"
EndProject
Project("{9A19103F-16F7-4668-BE54-9A1E7A4F7556}") = "webapp.Web", "webapp.Web\webapp.Web.csproj", "{3FAEB3F1-9A84-44A6-83CD-B72A9078CA6F}"
EndProject
Global
	GlobalSection(SolutionConfigurationPlatforms) = preSolution
		Debug|Any CPU = Debug|Any CPU
		Release|Any CPU = Release|Any CPU
	EndGlobalSection
	GlobalSection(ProjectConfigurationPlatforms) = postSolution
		{9661CF3C-3FF6-4AD1-8AAD-50CB22EE43BE}.Debug|Any CPU.ActiveCfg = Debug|Any CPU
		{9661CF3C-3FF6-4AD1-8AAD-50CB22EE43BE}.Debug|Any CPU.Build.0 = Debug|Any CPU
		{9661CF3C-3FF6-4AD1-8AAD-50CB22EE43BE}.Release|Any CPU.ActiveCfg = Release|Any CPU
		{9661CF3C-3FF6-4AD1-8AAD-50CB22EE43BE}.Release|Any CPU.Build.0 = Release|Any CPU
		{1B3DA78B-5472-4C1A-B34F-ABEAF5FCD845}.Debug|Any CPU.ActiveCfg = Debug|Any CPU
		{1B3DA78B-5472-4C1A-B34F-ABEAF5FCD845}.Debug|Any CPU.Build.0 = Debug|Any CPU
		{1B3DA78B-5472-4C1A-B34F-ABEAF5FCD845}.Release|Any CPU.ActiveCfg = Release|Any CPU
		{1B3DA78B-5472-4C1A-B34F-ABEAF5FCD845}.Release|Any CPU.Build.0 = Release|Any CPU
		{2AA8CBF7-2FA5-4616-9AF8-9460C8CAB019}.Debug|Any CPU.ActiveCfg = Debug|Any CPU
		{2AA8CBF7-2FA5-4616-9AF8-9460C8CAB019}.Debug|Any CPU.Build.0 = Debug|Any CPU
		{2AA8CBF7-2FA5-4616-9AF8-9460C8CAB019}.Release|Any CPU.ActiveCfg = Release|Any CPU
		{2AA8CBF7-2FA5-4616-9AF8-9460C8CAB019}.Release|Any CPU.Build.0 = Release|Any CPU
		{3FAEB3F1-9A84-44A6-83CD-B72A9078CA6F}.Debug|Any CPU.ActiveCfg = Debug|Any CPU
		{3FAEB3F1-9A84-44A6-83CD-B72A9078CA6F}.Debug|Any CPU.Build.0 = Debug|Any CPU
		{3FAEB3F1-9A84-44A6-83CD-B72A9078CA6F}.Release|Any CPU.ActiveCfg = Release|Any CPU
		{3FAEB3F1-9A84-44A6-83CD-B72A9078CA6F}.Release|Any CPU.Build.0 = Release|Any CPU
	EndGlobalSection
	GlobalSection(SolutionProperties) = preSolution
		HideSolutionNode = FALSE
	EndGlobalSection
	GlobalSection(ExtensibilityGlobals) = postSolution
		SolutionGuid = {3E8626FA-649D-490C-A14B-E0CD88A849DA}
	EndGlobalSection
EndGlobal
